[[package]]
name = "bincode"
version = "1.0.1"
source = "registry+https://github.com/rust-lang/crates.io-index"
dependencies = [
 "byteorder 1.2.3 (registry+https://github.com/rust-lang/crates.io-index)",
 "serde 1.0.80 (registry+https://github.com/rust-lang/crates.io-index)",
]

[[package]]
name = "byteorder"
version = "1.2.3"
source = "registry+https://github.com/rust-lang/crates.io-index"

[[package]]
name = "proc-macro2"
version = "0.4.6"
source = "registry+https://github.com/rust-lang/crates.io-index"
dependencies = [
 "unicode-xid 0.1.0 (registry+https://github.com/rust-lang/crates.io-index)",
]

[[package]]
name = "quote"
version = "0.6.3"
source = "registry+https://github.com/rust-lang/crates.io-index"
dependencies = [
 "proc-macro2 0.4.6 (registry+https://github.com/rust-lang/crates.io-index)",
]

[[package]]
name = "serde"
version = "1.0.80"
source = "registry+https://github.com/rust-lang/crates.io-index"

[[package]]
name = "serde_derive"
version = "1.0.80"
source = "registry+https://github.com/rust-lang/crates.io-index"
dependencies = [
 "proc-macro2 0.4.6 (registry+https://github.com/rust-lang/crates.io-index)",
 "quote 0.6.3 (registry+https://github.com/rust-lang/crates.io-index)",
 "syn 0.15.12 (registry+https://github.com/rust-lang/crates.io-index)",
]

[[package]]
name = "syn"
version = "0.15.12"
source = "registry+https://github.com/rust-lang/crates.io-index"
dependencies = [
 "proc-macro2 0.4.6 (registry+https://github.com/rust-lang/crates.io-index)",
 "quote 0.6.3 (registry+https://github.com/rust-lang/crates.io-index)",
 "unicode-xid 0.1.0 (registry+https://github.com/rust-lang/crates.io-index)",
]

[[package]]
name = "udpt-rs"
version = "0.1.0"
dependencies = [
 "bincode 1.0.1 (registry+https://github.com/rust-lang/crates.io-index)",
 "serde 1.0.80 (registry+https://github.com/rust-lang/crates.io-index)",
 "serde_derive 1.0.80 (registry+https://github.com/rust-lang/crates.io-index)",
]

[[package]]
name = "unicode-xid"
version = "0.1.0"
source = "registry+https://github.com/rust-lang/crates.io-index"

[metadata]
"checksum bincode 1.0.1 (registry+https://github.com/rust-lang/crates.io-index)" = "9f2fb9e29e72fd6bc12071533d5dc7664cb01480c59406f656d7ac25c7bd8ff7"
"checksum byteorder 1.2.3 (registry+https://github.com/rust-lang/crates.io-index)" = "74c0b906e9446b0a2e4f760cdb3fa4b2c48cdc6db8766a845c54b6ff063fd2e9"
"checksum proc-macro2 0.4.6 (registry+https://github.com/rust-lang/crates.io-index)" = "effdb53b25cdad54f8f48843d67398f7ef2e14f12c1b4cb4effc549a6462a4d6"
"checksum quote 0.6.3 (registry+https://github.com/rust-lang/crates.io-index)" = "e44651a0dc4cdd99f71c83b561e221f714912d11af1a4dff0631f923d53af035"
"checksum serde 1.0.80 (registry+https://github.com/rust-lang/crates.io-index)" = "15c141fc7027dd265a47c090bf864cf62b42c4d228bbcf4e51a0c9e2b0d3f7ef"
"checksum serde_derive 1.0.80 (registry+https://github.com/rust-lang/crates.io-index)" = "225de307c6302bec3898c51ca302fc94a7a1697ef0845fcee6448f33c032249c"
"checksum syn 0.15.12 (registry+https://github.com/rust-lang/crates.io-index)" = "34ab9797e47d24cb76b8dc4d24ff36807018c7cc549c4cba050b068be0c586b0"
"checksum unicode-xid 0.1.0 (registry+https://github.com/rust-lang/crates.io-index)" = "fc72304796d0818e357ead4e000d19c9c174ab23dc11093ac919054d20a6a7fc"
