<?xml version="1.0" encoding="utf-8"?>
<Project ToolsVersion="4.0" xmlns="http://schemas.microsoft.com/developer/msbuild/2003">
  <ItemGroup>
    <Filter Include="Source Files">
      <UniqueIdentifier>{4FC737F1-C7A5-4376-A066-2A32D752A2FF}</UniqueIdentifier>
      <Extensions>cpp;c;cc;cxx;def;odl;idl;hpj;bat;asm;asmx</Extensions>
    </Filter>
    <Filter Include="Header Files">
      <UniqueIdentifier>{93995380-89BD-4b04-88EB-625FBE52EBFB}</UniqueIdentifier>
      <Extensions>h;hh;hpp;hxx;hm;inl;inc;xsd</Extensions>
    </Filter>
    <Filter Include="Resource Files">
      <UniqueIdentifier>{67DA6AB6-F800-4c08-8B7A-83BB121AAD01}</UniqueIdentifier>
      <Extensions>rc;ico;cur;bmp;dlg;rc2;rct;bin;rgs;gif;jpg;jpeg;jpe;resx;tiff;tif;png;wav;mfcribbon-ms</Extensions>
    </Filter>
    <Filter Include="Header Files\db">
      <UniqueIdentifier>{f5a85f67-2777-4fa5-828e-9c79af9f4b13}</UniqueIdentifier>
    </Filter>
    <Filter Include="Source Files\db">
      <UniqueIdentifier>{643f664e-8751-4440-8b90-fe95b15e0aac}</UniqueIdentifier>
    </Filter>
    <Filter Include="Source Files\http">
      <UniqueIdentifier>{bcb1fa9f-c9ec-4398-97f9-544baf69f2a9}</UniqueIdentifier>
    </Filter>
    <Filter Include="Header Files\http">
      <UniqueIdentifier>{f65a2e69-6a71-4cd0-ad64-36a73c6c94c4}</UniqueIdentifier>
    </Filter>
  </ItemGroup>
  <ItemGroup>
    <ClCompile Include="..\..\src\main.cpp">
      <Filter>Source Files</Filter>
    </ClCompile>
    <ClCompile Include="..\..\src\tools.c">
      <Filter>Source Files</Filter>
    </ClCompile>
    <ClCompile Include="..\..\src\udpTracker.cpp">
      <Filter>Source Files</Filter>
    </ClCompile>
    <ClCompile Include="..\..\src\db\database.cpp">
      <Filter>Source Files\db</Filter>
    </ClCompile>
    <ClCompile Include="..\..\src\db\driver_sqlite.cpp">
      <Filter>Source Files\db</Filter>
    </ClCompile>
    <ClCompile Include="..\..\src\http\httpserver.cpp">
      <Filter>Source Files\http</Filter>
    </ClCompile>
    <ClCompile Include="..\..\src\http\webapp.cpp">
      <Filter>Source Files\http</Filter>
    </ClCompile>
    <ClCompile Include="..\..\src\tracker.cpp">
      <Filter>Source Files</Filter>
    </ClCompile>
    <ClCompile Include="..\..\src\service.cpp">
      <Filter>Source Files</Filter>
    </ClCompile>
  </ItemGroup>
  <ItemGroup>
    <ClInclude Include="..\..\src\multiplatform.h">
      <Filter>Header Files</Filter>
    </ClInclude>
    <ClInclude Include="..\..\src\tools.h">
      <Filter>Header Files</Filter>
    </ClInclude>
    <ClInclude Include="..\..\src\udpTracker.hpp">
      <Filter>Header Files</Filter>
    </ClInclude>
    <ClInclude Include="..\..\src\db\database.hpp">
      <Filter>Header Files\db</Filter>
    </ClInclude>
    <ClInclude Include="..\..\src\db\driver_sqlite.hpp">
      <Filter>Header Files\db</Filter>
    </ClInclude>
    <ClInclude Include="..\..\src\http\httpserver.hpp">
      <Filter>Header Files\http</Filter>
    </ClInclude>
    <ClInclude Include="..\..\src\http\webapp.hpp">
      <Filter>Header Files\http</Filter>
    </ClInclude>
    <ClInclude Include="..\..\src\exceptions.h">
      <Filter>Header Files</Filter>
    </ClInclude>
    <ClInclude Include="..\..\src\tracker.hpp">
      <Filter>Header Files</Filter>
    </ClInclude>
    <ClInclude Include="..\..\src\service.hpp">
      <Filter>Header Files</Filter>
    </ClInclude>
  </ItemGroup>
</Project>